// !$*UTF8*$!
{
	archiveVersion = 1;
	classes = {
	};
	objectVersion = 50;
	objects = {

/* Begin PBXBuildFile section */
		DF4834AD21A33A960025DF82 /* AppDelegate.swift in Sources */ = {isa = PBXBuildFile; fileRef = DF4834AC21A33A960025DF82 /* AppDelegate.swift */; };
		DF4834AF21A33A960025DF82 /* ViewController.swift in Sources */ = {isa = PBXBuildFile; fileRef = DF4834AE21A33A960025DF82 /* ViewController.swift */; };
		DF4834B221A33A960025DF82 /* Main.storyboard in Resources */ = {isa = PBXBuildFile; fileRef = DF4834B021A33A960025DF82 /* Main.storyboard */; };
		DF4834B421A33A970025DF82 /* Assets.xcassets in Resources */ = {isa = PBXBuildFile; fileRef = DF4834B321A33A970025DF82 /* Assets.xcassets */; };
		DF4834B721A33A970025DF82 /* LaunchScreen.storyboard in Resources */ = {isa = PBXBuildFile; fileRef = DF4834B521A33A970025DF82 /* LaunchScreen.storyboard */; };
		DF4834C221A33A970025DF82 /* Hello_worldTests.swift in Sources */ = {isa = PBXBuildFile; fileRef = DF4834C121A33A970025DF82 /* Hello_worldTests.swift */; };
		DF4834CD21A33A970025DF82 /* Hello_worldUITests.swift in Sources */ = {isa = PBXBuildFile; fileRef = DF4834CC21A33A970025DF82 /* Hello_worldUITests.swift */; };
/* End PBXBuildFile section */

/* Begin PBXContainerItemProxy section */
		DF4834BE21A33A970025DF82 /* PBXContainerItemProxy */ = {
			isa = PBXContainerItemProxy;
			containerPortal = DF4834A121A33A960025DF82 /* Project object */;
			proxyType = 1;
			remoteGlobalIDString = DF4834A821A33A960025DF82;
			remoteInfo = Hello.world;
		};
		DF4834C921A33A970025DF82 /* PBXContainerItemProxy */ = {
			isa = PBXContainerItemProxy;
			containerPortal = DF4834A121A33A960025DF82 /* Project object */;
			proxyType = 1;
			remoteGlobalIDString = DF4834A821A33A960025DF82;
			remoteInfo = Hello.world;
		};
/* End PBXContainerItemProxy section */

/* Begin PBXFileReference section */
		DF4834A921A33A960025DF82 /* Hello.world.app */ = {isa = PBXFileReference; explicitFileType = wrapper.application; includeInIndex = 0; path = Hello.world.app; sourceTree = BUILT_PRODUCTS_DIR; };
		DF4834AC21A33A960025DF82 /* AppDelegate.swift */ = {isa = PBXFileReference; lastKnownFileType = sourcecode.swift; path = AppDelegate.swift; sourceTree = "<group>"; };
		DF4834AE21A33A960025DF82 /* ViewController.swift */ = {isa = PBXFileReference; lastKnownFileType = sourcecode.swift; path = ViewController.swift; sourceTree = "<group>"; };
		DF4834B121A33A960025DF82 /* Base */ = {isa = PBXFileReference; lastKnownFileType = file.storyboard; name = Base; path = Base.lproj/Main.storyboard; sourceTree = "<group>"; };
		DF4834B321A33A970025DF82 /* Assets.xcassets */ = {isa = PBXFileReference; lastKnownFileType = folder.assetcatalog; path = Assets.xcassets; sourceTree = "<group>"; };
		DF4834B621A33A970025DF82 /* Base */ = {isa = PBXFileReference; lastKnownFileType = file.storyboard; name = Base; path = Base.lproj/LaunchScreen.storyboard; sourceTree = "<group>"; };
		DF4834B821A33A970025DF82 /* Info.plist */ = {isa = PBXFileReference; lastKnownFileType = text.plist.xml; path = Info.plist; sourceTree = "<group>"; };
		DF4834BD21A33A970025DF82 /* Hello.worldTests.xctest */ = {isa = PBXFileReference; explicitFileType = wrapper.cfbundle; includeInIndex = 0; path = Hello.worldTests.xctest; sourceTree = BUILT_PRODUCTS_DIR; };
		DF4834C121A33A970025DF82 /* Hello_worldTests.swift */ = {isa = PBXFileReference; lastKnownFileType = sourcecode.swift; path = Hello_worldTests.swift; sourceTree = "<group>"; };
		DF4834C321A33A970025DF82 /* Info.plist */ = {isa = PBXFileReference; lastKnownFileType = text.plist.xml; path = Info.plist; sourceTree = "<group>"; };
		DF4834C821A33A970025DF82 /* Hello.worldUITests.xctest */ = {isa = PBXFileReference; explicitFileType = wrapper.cfbundle; includeInIndex = 0; path = Hello.worldUITests.xctest; sourceTree = BUILT_PRODUCTS_DIR; };
		DF4834CC21A33A970025DF82 /* Hello_worldUITests.swift */ = {isa = PBXFileReference; lastKnownFileType = sourcecode.swift; path = Hello_worldUITests.swift; sourceTree = "<group>"; };
		DF4834CE21A33A970025DF82 /* Info.plist */ = {isa = PBXFileReference; lastKnownFileType = text.plist.xml; path = Info.plist; sourceTree = "<group>"; };
/* End PBXFileReference section */

/* Begin PBXFrameworksBuildPhase section */
		DF4834A621A33A960025DF82 /* Frameworks */ = {
			isa = PBXFrameworksBuildPhase;
			buildActionMask = 2147483647;
			files = (
			);
			runOnlyForDeploymentPostprocessing = 0;
		};
		DF4834BA21A33A970025DF82 /* Frameworks */ = {
			isa = PBXFrameworksBuildPhase;
			buildActionMask = 2147483647;
			files = (
			);
			runOnlyForDeploymentPostprocessing = 0;
		};
		DF4834C521A33A970025DF82 /* Frameworks */ = {
			isa = PBXFrameworksBuildPhase;
			buildActionMask = 2147483647;
			files = (
			);
			runOnlyForDeploymentPostprocessing = 0;
		};
/* End PBXFrameworksBuildPhase section */

/* Begin PBXGroup section */
		DF4834A021A33A960025DF82 = {
			isa = PBXGroup;
			children = (
				DF4834AB21A33A960025DF82 /* Hello.world */,
				DF4834C021A33A970025DF82 /* Hello.worldTests */,
				DF4834CB21A33A970025DF82 /* Hello.worldUITests */,
				DF4834AA21A33A960025DF82 /* Products */,
			);
			sourceTree = "<group>";
		};
		DF4834AA21A33A960025DF82 /* Products */ = {
			isa = PBXGroup;
			children = (
				DF4834A921A33A960025DF82 /* Hello.world.app */,
				DF4834BD21A33A970025DF82 /* Hello.worldTests.xctest */,
				DF4834C821A33A970025DF82 /* Hello.worldUITests.xctest */,
			);
			name = Products;
			sourceTree = "<group>";
		};
		DF4834AB21A33A960025DF82 /* Hello.world */ = {
			isa = PBXGroup;
			children = (
				DF4834AC21A33A960025DF82 /* AppDelegate.swift */,
				DF4834AE21A33A960025DF82 /* ViewController.swift */,
				DF4834B021A33A960025DF82 /* Main.storyboard */,
				DF4834B321A33A970025DF82 /* Assets.xcassets */,
				DF4834B521A33A970025DF82 /* LaunchScreen.storyboard */,
				DF4834B821A33A970025DF82 /* Info.plist */,
			);
			path = Hello.world;
			sourceTree = "<group>";
		};
		DF4834C021A33A970025DF82 /* Hello.worldTests */ = {
			isa = PBXGroup;
			children = (
				DF4834C121A33A970025DF82 /* Hello_worldTests.swift */,
				DF4834C321A33A970025DF82 /* Info.plist */,
			);
			path = Hello.worldTests;
			sourceTree = "<group>";
		};
		DF4834CB21A33A970025DF82 /* Hello.worldUITests */ = {
			isa = PBXGroup;
			children = (
				DF4834CC21A33A970025DF82 /* Hello_worldUITests.swift */,
				DF4834CE21A33A970025DF82 /* Info.plist */,
			);
			path = Hello.worldUITests;
			sourceTree = "<group>";
		};
/* End PBXGroup section */

/* Begin PBXNativeTarget section */
		DF4834A821A33A960025DF82 /* Hello.world */ = {
			isa = PBXNativeTarget;
			buildConfigurationList = DF4834D121A33A970025DF82 /* Build configuration list for PBXNativeTarget "Hello.world" */;
			buildPhases = (
				DF4834A521A33A960025DF82 /* Sources */,
				DF4834A621A33A960025DF82 /* Frameworks */,
				DF4834A721A33A960025DF82 /* Resources */,
			);
			buildRules = (
			);
			dependencies = (
			);
			name = Hello.world;
			productName = Hello.world;
			productReference = DF4834A921A33A960025DF82 /* Hello.world.app */;
			productType = "com.apple.product-type.application";
		};
		DF4834BC21A33A970025DF82 /* Hello.worldTests */ = {
			isa = PBXNativeTarget;
			buildConfigurationList = DF4834D421A33A970025DF82 /* Build configuration list for PBXNativeTarget "Hello.worldTests" */;
			buildPhases = (
				DF4834B921A33A970025DF82 /* Sources */,
				DF4834BA21A33A970025DF82 /* Frameworks */,
				DF4834BB21A33A970025DF82 /* Resources */,
			);
			buildRules = (
			);
			dependencies = (
				DF4834BF21A33A970025DF82 /* PBXTargetDependency */,
			);
			name = Hello.worldTests;
			productName = Hello.worldTests;
			productReference = DF4834BD21A33A970025DF82 /* Hello.worldTests.xctest */;
			productType = "com.apple.product-type.bundle.unit-test";
		};
		DF4834C721A33A970025DF82 /* Hello.worldUITests */ = {
			isa = PBXNativeTarget;
			buildConfigurationList = DF4834D721A33A970025DF82 /* Build configuration list for PBXNativeTarget "Hello.worldUITests" */;
			buildPhases = (
				DF4834C421A33A970025DF82 /* Sources */,
				DF4834C521A33A970025DF82 /* Frameworks */,
				DF4834C621A33A970025DF82 /* Resources */,
			);
			buildRules = (
			);
			dependencies = (
				DF4834CA21A33A970025DF82 /* PBXTargetDependency */,
			);
			name = Hello.worldUITests;
			productName = Hello.worldUITests;
			productReference = DF4834C821A33A970025DF82 /* Hello.worldUITests.xctest */;
			productType = "com.apple.product-type.bundle.ui-testing";
		};
/* End PBXNativeTarget section */

/* Begin PBXProject section */
		DF4834A121A33A960025DF82 /* Project object */ = {
			isa = PBXProject;
			attributes = {
				LastSwiftUpdateCheck = 1000;
				LastUpgradeCheck = 1000;
				ORGANIZATIONNAME = "Tahir sahib";
				TargetAttributes = {
					DF4834A821A33A960025DF82 = {
						CreatedOnToolsVersion = 10.0;
					};
					DF4834BC21A33A970025DF82 = {
						CreatedOnToolsVersion = 10.0;
						TestTargetID = DF4834A821A33A960025DF82;
					};
					DF4834C721A33A970025DF82 = {
						CreatedOnToolsVersion = 10.0;
						TestTargetID = DF4834A821A33A960025DF82;
					};
				};
			};
			buildConfigurationList = DF4834A421A33A960025DF82 /* Build configuration list for PBXProject "Hello.world" */;
			compatibilityVersion = "Xcode 9.3";
			developmentRegion = en;
			hasScannedForEncodings = 0;
			knownRegions = (
				en,
				Base,
			);
			mainGroup = DF4834A021A33A960025DF82;
			productRefGroup = DF4834AA21A33A960025DF82 /* Products */;
			projectDirPath = "";
			projectRoot = "";
			targets = (
				DF4834A821A33A960025DF82 /* Hello.world */,
				DF4834BC21A33A970025DF82 /* Hello.worldTests */,
				DF4834C721A33A970025DF82 /* Hello.worldUITests */,
			);
		};
/* End PBXProject section */

/* Begin PBXResourcesBuildPhase section */
		DF4834A721A33A960025DF82 /* Resources */ = {
			isa = PBXResourcesBuildPhase;
			buildActionMask = 2147483647;
			files = (
				DF4834B721A33A970025DF82 /* LaunchScreen.storyboard in Resources */,
				DF4834B421A33A970025DF82 /* Assets.xcassets in Resources */,
				DF4834B221A33A960025DF82 /* Main.storyboard in Resources */,
			);
			runOnlyForDeploymentPostprocessing = 0;
		};
		DF4834BB21A33A970025DF82 /* Resources */ = {
			isa = PBXResourcesBuildPhase;
			buildActionMask = 2147483647;
			files = (
			);
			runOnlyForDeploymentPostprocessing = 0;
		};
		DF4834C621A33A970025DF82 /* Resources */ = {
			isa = PBXResourcesBuildPhase;
			buildActionMask = 2147483647;
			files = (
			);
			runOnlyForDeploymentPostprocessing = 0;
		};
/* End PBXResourcesBuildPhase section */

/* Begin PBXSourcesBuildPhase section */
		DF4834A521A33A960025DF82 /* Sources */ = {
			isa = PBXSourcesBuildPhase;
			buildActionMask = 2147483647;
			files = (
				DF4834AF21A33A960025DF82 /* ViewController.swift in Sources */,
				DF4834AD21A33A960025DF82 /* AppDelegate.swift in Sources */,
			);
			runOnlyForDeploymentPostprocessing = 0;
		};
		DF4834B921A33A970025DF82 /* Sources */ = {
			isa = PBXSourcesBuildPhase;
			buildActionMask = 2147483647;
			files = (
				DF4834C221A33A970025DF82 /* Hello_worldTests.swift in Sources */,
			);
			runOnlyForDeploymentPostprocessing = 0;
		};
		DF4834C421A33A970025DF82 /* Sources */ = {
			isa = PBXSourcesBuildPhase;
			buildActionMask = 2147483647;
			files = (
				DF4834CD21A33A970025DF82 /* Hello_worldUITests.swift in Sources */,
			);
			runOnlyForDeploymentPostprocessing = 0;
		};
/* End PBXSourcesBuildPhase section */

/* Begin PBXTargetDependency section */
		DF4834BF21A33A970025DF82 /* PBXTargetDependency */ = {
			isa = PBXTargetDependency;
			target = DF4834A821A33A960025DF82 /* Hello.world */;
			targetProxy = DF4834BE21A33A970025DF82 /* PBXContainerItemProxy */;
		};
		DF4834CA21A33A970025DF82 /* PBXTargetDependency */ = {
			isa = PBXTargetDependency;
			target = DF4834A821A33A960025DF82 /* Hello.world */;
			targetProxy = DF4834C921A33A970025DF82 /* PBXContainerItemProxy */;
		};
/* End PBXTargetDependency section */

/* Begin PBXVariantGroup section */
		DF4834B021A33A960025DF82 /* Main.storyboard */ = {
			isa = PBXVariantGroup;
			children = (
				DF4834B121A33A960025DF82 /* Base */,
			);
			name = Main.storyboard;
			sourceTree = "<group>";
		};
		DF4834B521A33A970025DF82 /* LaunchScreen.storyboard */ = {
			isa = PBXVariantGroup;
			children = (
				DF4834B621A33A970025DF82 /* Base */,
			);
			name = LaunchScreen.storyboard;
			sourceTree = "<group>";
		};
/* End PBXVariantGroup section */

/* Begin XCBuildConfiguration section */
		DF4834CF21A33A970025DF82 /* Debug */ = {
			isa = XCBuildConfiguration;
			buildSettings = {
				ALWAYS_SEARCH_USER_PATHS = NO;
				CLANG_ANALYZER_NONNULL = YES;
				CLANG_ANALYZER_NUMBER_OBJECT_CONVERSION = YES_AGGRESSIVE;
				CLANG_CXX_LANGUAGE_STANDARD = "gnu++14";
				CLANG_CXX_LIBRARY = "libc++";
				CLANG_ENABLE_MODULES = YES;
				CLANG_ENABLE_OBJC_ARC = YES;
				CLANG_ENABLE_OBJC_WEAK = YES;
				CLANG_WARN_BLOCK_CAPTURE_AUTORELEASING = YES;
				CLANG_WARN_BOOL_CONVERSION = YES;
				CLANG_WARN_COMMA = YES;
				CLANG_WARN_CONSTANT_CONVERSION = YES;
				CLANG_WARN_DEPRECATED_OBJC_IMPLEMENTATIONS = YES;
				CLANG_WARN_DIRECT_OBJC_ISA_USAGE = YES_ERROR;
				CLANG_WARN_DOCUMENTATION_COMMENTS = YES;
				CLANG_WARN_EMPTY_BODY = YES;
				CLANG_WARN_ENUM_CONVERSION = YES;
				CLANG_WARN_INFINITE_RECURSION = YES;
				CLANG_WARN_INT_CONVERSION = YES;
				CLANG_WARN_NON_LITERAL_NULL_CONVERSION = YES;
				CLANG_WARN_OBJC_IMPLICIT_RETAIN_SELF = YES;
				CLANG_WARN_OBJC_LITERAL_CONVERSION = YES;
				CLANG_WARN_OBJC_ROOT_CLASS = YES_ERROR;
				CLANG_WARN_RANGE_LOOP_ANALYSIS = YES;
				CLANG_WARN_STRICT_PROTOTYPES = YES;
				CLANG_WARN_SUSPICIOUS_MOVE = YES;
				CLANG_WARN_UNGUARDED_AVAILABILITY = YES_AGGRESSIVE;
				CLANG_WARN_UNREACHABLE_CODE = YES;
				CLANG_WARN__DUPLICATE_METHOD_MATCH = YES;
				CODE_SIGN_IDENTITY = "iPhone Developer";
				COPY_PHASE_STRIP = NO;
				DEBUG_INFORMATION_FORMAT = dwarf;
				ENABLE_STRICT_OBJC_MSGSEND = YES;
				ENABLE_TESTABILITY = YES;
				GCC_C_LANGUAGE_STANDARD = gnu11;
				GCC_DYNAMIC_NO_PIC = NO;
				GCC_NO_COMMON_BLOCKS = YES;
				GCC_OPTIMIZATION_LEVEL = 0;
				GCC_PREPROCESSOR_DEFINITIONS = (
					"DEBUG=1",
					"$(inherited)",
				);
				GCC_WARN_64_TO_32_BIT_CONVERSION = YES;
				GCC_WARN_ABOUT_RETURN_TYPE = YES_ERROR;
				GCC_WARN_UNDECLARED_SELECTOR = YES;
				GCC_WARN_UNINITIALIZED_AUTOS = YES_AGGRESSIVE;
				GCC_WARN_UNUSED_FUNCTION = YES;
				GCC_WARN_UNUSED_VARIABLE = YES;
				IPHONEOS_DEPLOYMENT_TARGET = 12.0;
				MTL_ENABLE_DEBUG_INFO = INCLUDE_SOURCE;
				MTL_FAST_MATH = YES;
				ONLY_ACTIVE_ARCH = YES;
				SDKROOT = iphoneos;
				SWIFT_ACTIVE_COMPILATION_CONDITIONS = DEBUG;
				SWIFT_OPTIMIZATION_LEVEL = "-Onone";
			};
			name = Debug;
		};
		DF4834D021A33A970025DF82 /* Release */ = {
			isa = XCBuildConfiguration;
			buildSettings = {
				ALWAYS_SEARCH_USER_PATHS = NO;
				CLANG_ANALYZER_NONNULL = YES;
				CLANG_ANALYZER_NUMBER_OBJECT_CONVERSION = YES_AGGRESSIVE;
				CLANG_CXX_LANGUAGE_STANDARD = "gnu++14";
				CLANG_CXX_LIBRARY = "libc++";
				CLANG_ENABLE_MODULES = YES;
				CLANG_ENABLE_OBJC_ARC = YES;
				CLANG_ENABLE_OBJC_WEAK = YES;
				CLANG_WARN_BLOCK_CAPTURE_AUTORELEASING = YES;
				CLANG_WARN_BOOL_CONVERSION = YES;
				CLANG_WARN_COMMA = YES;
				CLANG_WARN_CONSTANT_CONVERSION = YES;
				CLANG_WARN_DEPRECATED_OBJC_IMPLEMENTATIONS = YES;
				CLANG_WARN_DIRECT_OBJC_ISA_USAGE = YES_ERROR;
				CLANG_WARN_DOCUMENTATION_COMMENTS = YES;
				CLANG_WARN_EMPTY_BODY = YES;
				CLANG_WARN_ENUM_CONVERSION = YES;
				CLANG_WARN_INFINITE_RECURSION = YES;
				CLANG_WARN_INT_CONVERSION = YES;
				CLANG_WARN_NON_LITERAL_NULL_CONVERSION = YES;
				CLANG_WARN_OBJC_IMPLICIT_RETAIN_SELF = YES;
				CLANG_WARN_OBJC_LITERAL_CONVERSION = YES;
				CLANG_WARN_OBJC_ROOT_CLASS = YES_ERROR;
				CLANG_WARN_RANGE_LOOP_ANALYSIS = YES;
				CLANG_WARN_STRICT_PROTOTYPES = YES;
				CLANG_WARN_SUSPICIOUS_MOVE = YES;
				CLANG_WARN_UNGUARDED_AVAILABILITY = YES_AGGRESSIVE;
				CLANG_WARN_UNREACHABLE_CODE = YES;
				CLANG_WARN__DUPLICATE_METHOD_MATCH = YES;
				CODE_SIGN_IDENTITY = "iPhone Developer";
				COPY_PHASE_STRIP = NO;
				DEBUG_INFORMATION_FORMAT = "dwarf-with-dsym";
				ENABLE_NS_ASSERTIONS = NO;
				ENABLE_STRICT_OBJC_MSGSEND = YES;
				GCC_C_LANGUAGE_STANDARD = gnu11;
				GCC_NO_COMMON_BLOCKS = YES;
				GCC_WARN_64_TO_32_BIT_CONVERSION = YES;
				GCC_WARN_ABOUT_RETURN_TYPE = YES_ERROR;
				GCC_WARN_UNDECLARED_SELECTOR = YES;
				GCC_WARN_UNINITIALIZED_AUTOS = YES_AGGRESSIVE;
				GCC_WARN_UNUSED_FUNCTION = YES;
				GCC_WARN_UNUSED_VARIABLE = YES;
				IPHONEOS_DEPLOYMENT_TARGET = 12.0;
				MTL_ENABLE_DEBUG_INFO = NO;
				MTL_FAST_MATH = YES;
				SDKROOT = iphoneos;
				SWIFT_COMPILATION_MODE = wholemodule;
				SWIFT_OPTIMIZATION_LEVEL = "-O";
				VALIDATE_PRODUCT = YES;
			};
			name = Release;
		};
		DF4834D221A33A970025DF82 /* Debug */ = {
			isa = XCBuildConfiguration;
			buildSettings = {
				ASSETCATALOG_COMPILER_APPICON_NAME = AppIcon;
				CODE_SIGN_STYLE = Automatic;
				INFOPLIST_FILE = Hello.world/Info.plist;
				LD_RUNPATH_SEARCH_PATHS = (
					"$(inherited)",
					"@executable_path/Frameworks",
				);
				PRODUCT_BUNDLE_IDENTIFIER = "tahir.Hello-world";
				PRODUCT_NAME = "$(TARGET_NAME)";
				SWIFT_VERSION = 4.2;
				TARGETED_DEVICE_FAMILY = "1,2";
			};
			name = Debug;
		};
		DF4834D321A33A970025DF82 /* Release */ = {
			isa = XCBuildConfiguration;
			buildSettings = {
				ASSETCATALOG_COMPILER_APPICON_NAME = AppIcon;
				CODE_SIGN_STYLE = Automatic;
				INFOPLIST_FILE = Hello.world/Info.plist;
				LD_RUNPATH_SEARCH_PATHS = (
					"$(inherited)",
					"@executable_path/Frameworks",
				);
				PRODUCT_BUNDLE_IDENTIFIER = "tahir.Hello-world";
				PRODUCT_NAME = "$(TARGET_NAME)";
				SWIFT_VERSION = 4.2;
				TARGETED_DEVICE_FAMILY = "1,2";
			};
			name = Release;
		};
		DF4834D521A33A970025DF82 /* Debug */ = {
			isa = XCBuildConfiguration;
			buildSettings = {
				ALWAYS_EMBED_SWIFT_STANDARD_LIBRARIES = YES;
				BUNDLE_LOADER = "$(TEST_HOST)";
				CODE_SIGN_STYLE = Automatic;
				INFOPLIST_FILE = Hello.worldTests/Info.plist;
				LD_RUNPATH_SEARCH_PATHS = (
					"$(inherited)",
					"@executable_path/Frameworks",
					"@loader_path/Frameworks",
				);
				PRODUCT_BUNDLE_IDENTIFIER = "tahir.Hello-worldTests";
				PRODUCT_NAME = "$(TARGET_NAME)";
				SWIFT_VERSION = 4.2;
				TARGETED_DEVICE_FAMILY = "1,2";
				TEST_HOST = "$(BUILT_PRODUCTS_DIR)/Hello.world.app/Hello.world";
			};
			name = Debug;
		};
		DF4834D621A33A970025DF82 /* Release */ = {
			isa = XCBuildConfiguration;
			buildSettings = {
				ALWAYS_EMBED_SWIFT_STANDARD_LIBRARIES = YES;
				BUNDLE_LOADER = "$(TEST_HOST)";
				CODE_SIGN_STYLE = Automatic;
				INFOPLIST_FILE = Hello.worldTests/Info.plist;
				LD_RUNPATH_SEARCH_PATHS = (
					"$(inherited)",
					"@executable_path/Frameworks",
					"@loader_path/Frameworks",
				);
				PRODUCT_BUNDLE_IDENTIFIER = "tahir.Hello-worldTests";
				PRODUCT_NAME = "$(TARGET_NAME)";
				SWIFT_VERSION = 4.2;
				TARGETED_DEVICE_FAMILY = "1,2";
				TEST_HOST = "$(BUILT_PRODUCTS_DIR)/Hello.world.app/Hello.world";
			};
			name = Release;
		};
		DF4834D821A33A970025DF82 /* Debug */ = {
			isa = XCBuildConfiguration;
			buildSettings = {
				ALWAYS_EMBED_SWIFT_STANDARD_LIBRARIES = YES;
				CODE_SIGN_STYLE = Automatic;
				INFOPLIST_FILE = Hello.worldUITests/Info.plist;
				LD_RUNPATH_SEARCH_PATHS = (
					"$(inherited)",
					"@executable_path/Frameworks",
					"@loader_path/Frameworks",
				);
				PRODUCT_BUNDLE_IDENTIFIER = "tahir.Hello-worldUITests";
				PRODUCT_NAME = "$(TARGET_NAME)";
				SWIFT_VERSION = 4.2;
				TARGETED_DEVICE_FAMILY = "1,2";
				TEST_TARGET_NAME = Hello.world;
			};
			name = Debug;
		};
		DF4834D921A33A970025DF82 /* Release */ = {
			isa = XCBuildConfiguration;
			buildSettings = {
				ALWAYS_EMBED_SWIFT_STANDARD_LIBRARIES = YES;
				CODE_SIGN_STYLE = Automatic;
				INFOPLIST_FILE = Hello.worldUITests/Info.plist;
				LD_RUNPATH_SEARCH_PATHS = (
					"$(inherited)",
					"@executable_path/Frameworks",
					"@loader_path/Frameworks",
				);
				PRODUCT_BUNDLE_IDENTIFIER = "tahir.Hello-worldUITests";
				PRODUCT_NAME = "$(TARGET_NAME)";
				SWIFT_VERSION = 4.2;
				TARGETED_DEVICE_FAMILY = "1,2";
				TEST_TARGET_NAME = Hello.world;
			};
			name = Release;
		};
/* End XCBuildConfiguration section */

/* Begin XCConfigurationList section */
		DF4834A421A33A960025DF82 /* Build configuration list for PBXProject "Hello.world" */ = {
			isa = XCConfigurationList;
			buildConfigurations = (
				DF4834CF21A33A970025DF82 /* Debug */,
				DF4834D021A33A970025DF82 /* Release */,
			);
			defaultConfigurationIsVisible = 0;
			defaultConfigurationName = Release;
		};
		DF4834D121A33A970025DF82 /* Build configuration list for PBXNativeTarget "Hello.world" */ = {
			isa = XCConfigurationList;
			buildConfigurations = (
				DF4834D221A33A970025DF82 /* Debug */,
				DF4834D321A33A970025DF82 /* Release */,
			);
			defaultConfigurationIsVisible = 0;
			defaultConfigurationName = Release;
		};
		DF4834D421A33A970025DF82 /* Build configuration list for PBXNativeTarget "Hello.worldTests" */ = {
			isa = XCConfigurationList;
			buildConfigurations = (
				DF4834D521A33A970025DF82 /* Debug */,
				DF4834D621A33A970025DF82 /* Release */,
			);
			defaultConfigurationIsVisible = 0;
			defaultConfigurationName = Release;
		};
		DF4834D721A33A970025DF82 /* Build configuration list for PBXNativeTarget "Hello.worldUITests" */ = {
			isa = XCConfigurationList;
			buildConfigurations = (
				DF4834D821A33A970025DF82 /* Debug */,
				DF4834D921A33A970025DF82 /* Release */,
			);
			defaultConfigurationIsVisible = 0;
			defaultConfigurationName = Release;
		};
/* End XCConfigurationList section */
	};
	rootObject = DF4834A121A33A960025DF82 /* Project object */;
}
